
Microsoft Visual Studio Solution File, Format Version 12.00
# Visual Studio Version 17
VisualStudioVersion = 17.13.35825.156
MinimumVisualStudioVersion = 10.0.40219.1
Project("{FAE04EC0-301F-11D3-BF4B-00C04F79EFBC}") = "PMSofVolleyballPlayer", "PMSofVolleyballPlayer.csproj", "{C867AE90-50B0-4060-BB15-00AE9CA547CB}"
	ProjectSection(ProjectDependencies) = postProject
		{796DFFD5-9F30-4EE7-A4CA-9235C167E78A} = {796DFFD5-9F30-4EE7-A4CA-9235C167E78A}
	EndProjectSection
EndProject
Project("{2150E333-8FDC-42A3-9474-1A3956D46DE8}") = "Solution Items", "Solution Items", "{8EC462FD-D22E-90A8-E5CE-7E832BA40C5D}"
	ProjectSection(SolutionItems) = preProject
		.gitattributes = .gitattributes
	EndProjectSection
EndProject
Project("{FAE04EC0-301F-11D3-BF4B-00C04F79EFBC}") = "PMSDataPlayer", "PMSDataPlayer\PMSDataPlayer.csproj", "{8FE9BB0C-5228-492F-9721-628782626CC9}"
EndProject
Project("{FAE04EC0-301F-11D3-BF4B-00C04F79EFBC}") = "PlayerCommon", "PlayerCommon\PlayerCommon.csproj", "{796DFFD5-9F30-4EE7-A4CA-9235C167E78A}"
EndProject
Project("{FAE04EC0-301F-11D3-BF4B-00C04F79EFBC}") = "VballAPI", "VballAPI\VballAPI.csproj", "{D4929632-9593-A55F-E820-38E542DBB8B0}"
EndProject
Project("{FAE04EC0-301F-11D3-BF4B-00C04F79EFBC}") = "Vball_BusinessDataLogic", "Vball_BusinessDataLogic\Vball_BusinessDataLogic.csproj", "{9554CDC6-B045-7F85-38ED-529E36451275}"
EndProject
Project("{FAE04EC0-301F-11D3-BF4B-00C04F79EFBC}") = "VbPMS_Desktop", "VbPMS_Desktop\VbPMS_Desktop.csproj", "{7945C6AD-FF06-4EA7-BFB4-61F6D41142FF}"
EndProject
Global
	GlobalSection(SolutionConfigurationPlatforms) = preSolution
		Debug|Any CPU = Debug|Any CPU
		Release|Any CPU = Release|Any CPU
	EndGlobalSection
	GlobalSection(ProjectConfigurationPlatforms) = postSolution
		{C867AE90-50B0-4060-BB15-00AE9CA547CB}.Debug|Any CPU.ActiveCfg = Debug|Any CPU
		{C867AE90-50B0-4060-BB15-00AE9CA547CB}.Debug|Any CPU.Build.0 = Debug|Any CPU
		{C867AE90-50B0-4060-BB15-00AE9CA547CB}.Release|Any CPU.ActiveCfg = Release|Any CPU
		{C867AE90-50B0-4060-BB15-00AE9CA547CB}.Release|Any CPU.Build.0 = Release|Any CPU
		{8FE9BB0C-5228-492F-9721-628782626CC9}.Debug|Any CPU.ActiveCfg = Debug|Any CPU
		{8FE9BB0C-5228-492F-9721-628782626CC9}.Debug|Any CPU.Build.0 = Debug|Any CPU
		{8FE9BB0C-5228-492F-9721-628782626CC9}.Release|Any CPU.ActiveCfg = Release|Any CPU
		{8FE9BB0C-5228-492F-9721-628782626CC9}.Release|Any CPU.Build.0 = Release|Any CPU
		{796DFFD5-9F30-4EE7-A4CA-9235C167E78A}.Debug|Any CPU.ActiveCfg = Debug|Any CPU
		{796DFFD5-9F30-4EE7-A4CA-9235C167E78A}.Debug|Any CPU.Build.0 = Debug|Any CPU
		{796DFFD5-9F30-4EE7-A4CA-9235C167E78A}.Release|Any CPU.ActiveCfg = Release|Any CPU
		{796DFFD5-9F30-4EE7-A4CA-9235C167E78A}.Release|Any CPU.Build.0 = Release|Any CPU
		{D4929632-9593-A55F-E820-38E542DBB8B0}.Debug|Any CPU.ActiveCfg = Debug|Any CPU
		{D4929632-9593-A55F-E820-38E542DBB8B0}.Debug|Any CPU.Build.0 = Debug|Any CPU
		{D4929632-9593-A55F-E820-38E542DBB8B0}.Release|Any CPU.ActiveCfg = Release|Any CPU
		{D4929632-9593-A55F-E820-38E542DBB8B0}.Release|Any CPU.Build.0 = Release|Any CPU
		{9554CDC6-B045-7F85-38ED-529E36451275}.Debug|Any CPU.ActiveCfg = Debug|Any CPU
		{9554CDC6-B045-7F85-38ED-529E36451275}.Debug|Any CPU.Build.0 = Debug|Any CPU
		{9554CDC6-B045-7F85-38ED-529E36451275}.Release|Any CPU.ActiveCfg = Release|Any CPU
		{9554CDC6-B045-7F85-38ED-529E36451275}.Release|Any CPU.Build.0 = Release|Any CPU
		{7945C6AD-FF06-4EA7-BFB4-61F6D41142FF}.Debug|Any CPU.ActiveCfg = Debug|Any CPU
		{7945C6AD-FF06-4EA7-BFB4-61F6D41142FF}.Debug|Any CPU.Build.0 = Debug|Any CPU
		{7945C6AD-FF06-4EA7-BFB4-61F6D41142FF}.Release|Any CPU.ActiveCfg = Release|Any CPU
		{7945C6AD-FF06-4EA7-BFB4-61F6D41142FF}.Release|Any CPU.Build.0 = Release|Any CPU
	EndGlobalSection
	GlobalSection(SolutionProperties) = preSolution
		HideSolutionNode = FALSE
	EndGlobalSection
	GlobalSection(ExtensibilityGlobals) = postSolution
		SolutionGuid = {BEE909AA-989F-46D5-8B3C-145C1058F121}
	EndGlobalSection
EndGlobal
